
Microsoft Visual Studio Solution File, Format Version 12.00
# Visual Studio Version 16
VisualStudioVersion = 16.0.30320.27
MinimumVisualStudioVersion = 10.0.40219.1
Project("{FAE04EC0-301F-11D3-BF4B-00C04F79EFBC}") = "BankEncapsulation", "BankEncapsulation\BankEncapsulation.csproj", "{4347E1B4-D3DF-453D-8EAF-4CEE39C4DF72}"
EndProject
Global
	GlobalSection(SolutionConfigurationPlatforms) = preSolution
		Debug|Any CPU = Debug|Any CPU
		Release|Any CPU = Release|Any CPU
	EndGlobalSection
	GlobalSection(ProjectConfigurationPlatforms) = postSolution
		{4347E1B4-D3DF-453D-8EAF-4CEE39C4DF72}.Debug|Any CPU.ActiveCfg = Debug|Any CPU
		{4347E1B4-D3DF-453D-8EAF-4CEE39C4DF72}.Debug|Any CPU.Build.0 = Debug|Any CPU
		{4347E1B4-D3DF-453D-8EAF-4CEE39C4DF72}.Release|Any CPU.ActiveCfg = Release|Any CPU
		{4347E1B4-D3DF-453D-8EAF-4CEE39C4DF72}.Release|Any CPU.Build.0 = Release|Any CPU
	EndGlobalSection
	GlobalSection(SolutionProperties) = preSolution
		HideSolutionNode = FALSE
	EndGlobalSection
	GlobalSection(ExtensibilityGlobals) = postSolution
		SolutionGuid = {588638E1-35A5-4B70-8ABC-E35A5E61F6BE}
	EndGlobalSection
EndGlobal
